// !$*UTF8*$!
{
	archiveVersion = 1;
	classes = {
	};
	objectVersion = 46;
	objects = {

/* Begin PBXBuildFile section */
		4C5764C71C982DC800364AFE /* AppDelegate.swift in Sources */ = {isa = PBXBuildFile; fileRef = 4C5764C61C982DC800364AFE /* AppDelegate.swift */; };
		4C5764C91C982DC900364AFE /* Assets.xcassets in Resources */ = {isa = PBXBuildFile; fileRef = 4C5764C81C982DC900364AFE /* Assets.xcassets */; };
		4C5764CC1C982DC900364AFE /* MainMenu.xib in Resources */ = {isa = PBXBuildFile; fileRef = 4C5764CA1C982DC900364AFE /* MainMenu.xib */; };
		4C5764E31C982E1900364AFE /* Track.swift in Sources */ = {isa = PBXBuildFile; fileRef = 4C5764E21C982E1900364AFE /* Track.swift */; };
		4C858885203F218800ED1692 /* Spotify.swift in Sources */ = {isa = PBXBuildFile; fileRef = 4C858884203F218800ED1692 /* Spotify.swift */; };
		FB0A9A4E203EC9BA00721E3A /* PreferencesView.swift in Sources */ = {isa = PBXBuildFile; fileRef = FB0A9A4D203EC9BA00721E3A /* PreferencesView.swift */; };
		FB400A90203EFA3800F2D63C /* ScriptingBridge.framework in Frameworks */ = {isa = PBXBuildFile; fileRef = FB400A8F203EFA3800F2D63C /* ScriptingBridge.framework */; };
		FB6B9D0A203EC22D0062702B /* UserPreferences.swift in Sources */ = {isa = PBXBuildFile; fileRef = FB6B9D09203EC22D0062702B /* UserPreferences.swift */; };
		FB6B9D0C203EC24F0062702B /* SystemPreferences.swift in Sources */ = {isa = PBXBuildFile; fileRef = FB6B9D0B203EC24F0062702B /* SystemPreferences.swift */; };
		FBCCA5FB203ED78B008AD1BF /* NotificationsInteractor.swift in Sources */ = {isa = PBXBuildFile; fileRef = FBCCA5FA203ED78B008AD1BF /* NotificationsInteractor.swift */; };
		FBCCA5FE203EE057008AD1BF /* Constants.swift in Sources */ = {isa = PBXBuildFile; fileRef = FBCCA5FD203EE057008AD1BF /* Constants.swift */; };
		FBCCA600203EE195008AD1BF /* Extensions.swift in Sources */ = {isa = PBXBuildFile; fileRef = FBCCA5FF203EE195008AD1BF /* Extensions.swift */; };
		FBEF395320455FCC0039536B /* SpotifyInteractor.swift in Sources */ = {isa = PBXBuildFile; fileRef = FBEF395220455FCC0039536B /* SpotifyInteractor.swift */; };
		FBEF395B204565ED0039536B /* AppDelegate.swift in Sources */ = {isa = PBXBuildFile; fileRef = FBEF395A204565ED0039536B /* AppDelegate.swift */; };
		FBEF395F204565EE0039536B /* Assets.xcassets in Resources */ = {isa = PBXBuildFile; fileRef = FBEF395E204565EE0039536B /* Assets.xcassets */; };
		FBEF396A2045666B0039536B /* LauncherApplication.app in CopyFiles */ = {isa = PBXBuildFile; fileRef = FBEF3958204565ED0039536B /* LauncherApplication.app */; settings = {ATTRIBUTES = (RemoveHeadersOnCopy, ); }; };
		FBEF396C2045669F0039536B /* ServiceManagement.framework in Frameworks */ = {isa = PBXBuildFile; fileRef = FBEF396B2045669F0039536B /* ServiceManagement.framework */; };
		FBF18DE320442A7D00FAD80A /* Magnet.framework in Frameworks */ = {isa = PBXBuildFile; fileRef = FBF18DE120442A7D00FAD80A /* Magnet.framework */; };
		FBF18DE420442A7D00FAD80A /* Magnet.framework in Embed Frameworks */ = {isa = PBXBuildFile; fileRef = FBF18DE120442A7D00FAD80A /* Magnet.framework */; settings = {ATTRIBUTES = (CodeSignOnCopy, RemoveHeadersOnCopy, ); }; };
		FBF18DE520442A7D00FAD80A /* KeyHolder.framework in Frameworks */ = {isa = PBXBuildFile; fileRef = FBF18DE220442A7D00FAD80A /* KeyHolder.framework */; };
		FBF18DE620442A7D00FAD80A /* KeyHolder.framework in Embed Frameworks */ = {isa = PBXBuildFile; fileRef = FBF18DE220442A7D00FAD80A /* KeyHolder.framework */; settings = {ATTRIBUTES = (CodeSignOnCopy, RemoveHeadersOnCopy, ); }; };
		FBF18DE920442BB000FAD80A /* ShortcutsInterector.swift in Sources */ = {isa = PBXBuildFile; fileRef = FBF18DE820442BB000FAD80A /* ShortcutsInterector.swift */; };
/* End PBXBuildFile section */

/* Begin PBXCopyFilesBuildPhase section */
		FBEF39692045665B0039536B /* CopyFiles */ = {
			isa = PBXCopyFilesBuildPhase;
			buildActionMask = 2147483647;
			dstPath = Contents/Library/LoginItems;
			dstSubfolderSpec = 1;
			files = (
				FBEF396A2045666B0039536B /* LauncherApplication.app in CopyFiles */,
			);
			runOnlyForDeploymentPostprocessing = 0;
		};
		FBF18DE720442A7D00FAD80A /* Embed Frameworks */ = {
			isa = PBXCopyFilesBuildPhase;
			buildActionMask = 2147483647;
			dstPath = "";
			dstSubfolderSpec = 10;
			files = (
				FBF18DE620442A7D00FAD80A /* KeyHolder.framework in Embed Frameworks */,
				FBF18DE420442A7D00FAD80A /* Magnet.framework in Embed Frameworks */,
			);
			name = "Embed Frameworks";
			runOnlyForDeploymentPostprocessing = 0;
		};
/* End PBXCopyFilesBuildPhase section */

/* Begin PBXFileReference section */
		4C5764C31C982DC800364AFE /* Notify.app */ = {isa = PBXFileReference; explicitFileType = wrapper.application; includeInIndex = 0; path = Notify.app; sourceTree = BUILT_PRODUCTS_DIR; };
		4C5764C61C982DC800364AFE /* AppDelegate.swift */ = {isa = PBXFileReference; lastKnownFileType = sourcecode.swift; path = AppDelegate.swift; sourceTree = "<group>"; };
		4C5764C81C982DC900364AFE /* Assets.xcassets */ = {isa = PBXFileReference; lastKnownFileType = folder.assetcatalog; path = Assets.xcassets; sourceTree = "<group>"; };
		4C5764CB1C982DC900364AFE /* Base */ = {isa = PBXFileReference; lastKnownFileType = file.xib; name = Base; path = Base.lproj/MainMenu.xib; sourceTree = "<group>"; };
		4C5764CD1C982DC900364AFE /* Info.plist */ = {isa = PBXFileReference; lastKnownFileType = text.plist.xml; path = Info.plist; sourceTree = "<group>"; };
		4C5764E21C982E1900364AFE /* Track.swift */ = {isa = PBXFileReference; fileEncoding = 4; lastKnownFileType = sourcecode.swift; path = Track.swift; sourceTree = "<group>"; };
		4C858884203F218800ED1692 /* Spotify.swift */ = {isa = PBXFileReference; lastKnownFileType = sourcecode.swift; path = Spotify.swift; sourceTree = "<group>"; };
		FB0A9A4D203EC9BA00721E3A /* PreferencesView.swift */ = {isa = PBXFileReference; lastKnownFileType = sourcecode.swift; path = PreferencesView.swift; sourceTree = "<group>"; };
		FB400A8F203EFA3800F2D63C /* ScriptingBridge.framework */ = {isa = PBXFileReference; lastKnownFileType = wrapper.framework; name = ScriptingBridge.framework; path = System/Library/Frameworks/ScriptingBridge.framework; sourceTree = SDKROOT; };
		FB6B9D09203EC22D0062702B /* UserPreferences.swift */ = {isa = PBXFileReference; lastKnownFileType = sourcecode.swift; path = UserPreferences.swift; sourceTree = "<group>"; };
		FB6B9D0B203EC24F0062702B /* SystemPreferences.swift */ = {isa = PBXFileReference; lastKnownFileType = sourcecode.swift; path = SystemPreferences.swift; sourceTree = "<group>"; };
		FBCCA5FA203ED78B008AD1BF /* NotificationsInteractor.swift */ = {isa = PBXFileReference; lastKnownFileType = sourcecode.swift; path = NotificationsInteractor.swift; sourceTree = "<group>"; };
		FBCCA5FD203EE057008AD1BF /* Constants.swift */ = {isa = PBXFileReference; lastKnownFileType = sourcecode.swift; path = Constants.swift; sourceTree = "<group>"; };
		FBCCA5FF203EE195008AD1BF /* Extensions.swift */ = {isa = PBXFileReference; lastKnownFileType = sourcecode.swift; path = Extensions.swift; sourceTree = "<group>"; };
		FBEF395220455FCC0039536B /* SpotifyInteractor.swift */ = {isa = PBXFileReference; lastKnownFileType = sourcecode.swift; path = SpotifyInteractor.swift; sourceTree = "<group>"; };
		FBEF3958204565ED0039536B /* LauncherApplication.app */ = {isa = PBXFileReference; explicitFileType = wrapper.application; includeInIndex = 0; path = LauncherApplication.app; sourceTree = BUILT_PRODUCTS_DIR; };
		FBEF395A204565ED0039536B /* AppDelegate.swift */ = {isa = PBXFileReference; lastKnownFileType = sourcecode.swift; path = AppDelegate.swift; sourceTree = "<group>"; };
		FBEF395E204565EE0039536B /* Assets.xcassets */ = {isa = PBXFileReference; lastKnownFileType = folder.assetcatalog; path = Assets.xcassets; sourceTree = "<group>"; };
		FBEF3963204565EE0039536B /* Info.plist */ = {isa = PBXFileReference; lastKnownFileType = text.plist.xml; path = Info.plist; sourceTree = "<group>"; };
		FBEF3964204565EE0039536B /* LauncherApplication.entitlements */ = {isa = PBXFileReference; lastKnownFileType = text.plist.entitlements; path = LauncherApplication.entitlements; sourceTree = "<group>"; };
		FBEF3968204566240039536B /* Notify.entitlements */ = {isa = PBXFileReference; lastKnownFileType = text.plist.entitlements; path = Notify.entitlements; sourceTree = "<group>"; };
		FBEF396B2045669F0039536B /* ServiceManagement.framework */ = {isa = PBXFileReference; lastKnownFileType = wrapper.framework; name = ServiceManagement.framework; path = System/Library/Frameworks/ServiceManagement.framework; sourceTree = SDKROOT; };
		FBF18DE120442A7D00FAD80A /* Magnet.framework */ = {isa = PBXFileReference; lastKnownFileType = wrapper.framework; name = Magnet.framework; path = Carthage/Build/Mac/Magnet.framework; sourceTree = "<group>"; };
		FBF18DE220442A7D00FAD80A /* KeyHolder.framework */ = {isa = PBXFileReference; lastKnownFileType = wrapper.framework; name = KeyHolder.framework; path = Carthage/Build/Mac/KeyHolder.framework; sourceTree = "<group>"; };
		FBF18DE820442BB000FAD80A /* ShortcutsInterector.swift */ = {isa = PBXFileReference; lastKnownFileType = sourcecode.swift; path = ShortcutsInterector.swift; sourceTree = "<group>"; };
/* End PBXFileReference section */

/* Begin PBXFrameworksBuildPhase section */
		4C5764C01C982DC800364AFE /* Frameworks */ = {
			isa = PBXFrameworksBuildPhase;
			buildActionMask = 2147483647;
			files = (
				FBEF396C2045669F0039536B /* ServiceManagement.framework in Frameworks */,
				FBF18DE520442A7D00FAD80A /* KeyHolder.framework in Frameworks */,
				FBF18DE320442A7D00FAD80A /* Magnet.framework in Frameworks */,
				FB400A90203EFA3800F2D63C /* ScriptingBridge.framework in Frameworks */,
			);
			runOnlyForDeploymentPostprocessing = 0;
		};
		FBEF3955204565ED0039536B /* Frameworks */ = {
			isa = PBXFrameworksBuildPhase;
			buildActionMask = 2147483647;
			files = (
			);
			runOnlyForDeploymentPostprocessing = 0;
		};
/* End PBXFrameworksBuildPhase section */

/* Begin PBXGroup section */
		4C5764BA1C982DC800364AFE = {
			isa = PBXGroup;
			children = (
				4C5764C51C982DC800364AFE /* SpotifyNotify */,
				FBEF3959204565ED0039536B /* LauncherApplication */,
				FB400A8E203EFA3800F2D63C /* Frameworks */,
				4C5764C41C982DC800364AFE /* Products */,
			);
			sourceTree = "<group>";
		};
		4C5764C41C982DC800364AFE /* Products */ = {
			isa = PBXGroup;
			children = (
				4C5764C31C982DC800364AFE /* Notify.app */,
				FBEF3958204565ED0039536B /* LauncherApplication.app */,
			);
			name = Products;
			sourceTree = "<group>";
		};
		4C5764C51C982DC800364AFE /* SpotifyNotify */ = {
			isa = PBXGroup;
			children = (
				FBEF3968204566240039536B /* Notify.entitlements */,
				4C5764C61C982DC800364AFE /* AppDelegate.swift */,
				FB0A9A4F203ECAB500721E3A /* Models */,
				FB6B9D0D203EC2710062702B /* Interactors */,
				FBCCA5FC203ED78F008AD1BF /* Storage */,
				FB0A9A4C203EC9AB00721E3A /* Usecases */,
				4C5764E41C982E8900364AFE /* Helpers */,
				FB6B9D0F203EC29D0062702B /* Resources */,
				FB6B9D0E203EC28E0062702B /* Other */,
			);
			path = SpotifyNotify;
			sourceTree = "<group>";
		};
		4C5764E41C982E8900364AFE /* Helpers */ = {
			isa = PBXGroup;
			children = (
				4C858884203F218800ED1692 /* Spotify.swift */,
				FBCCA5FF203EE195008AD1BF /* Extensions.swift */,
			);
			path = Helpers;
			sourceTree = "<group>";
		};
		FB0A9A4C203EC9AB00721E3A /* Usecases */ = {
			isa = PBXGroup;
			children = (
				4C5764CA1C982DC900364AFE /* MainMenu.xib */,
				FB0A9A4D203EC9BA00721E3A /* PreferencesView.swift */,
			);
			path = Usecases;
			sourceTree = "<group>";
		};
		FB0A9A4F203ECAB500721E3A /* Models */ = {
			isa = PBXGroup;
			children = (
				4C5764E21C982E1900364AFE /* Track.swift */,
			);
			path = Models;
			sourceTree = "<group>";
		};
		FB400A8E203EFA3800F2D63C /* Frameworks */ = {
			isa = PBXGroup;
			children = (
				FBEF396B2045669F0039536B /* ServiceManagement.framework */,
				FBF18DE220442A7D00FAD80A /* KeyHolder.framework */,
				FBF18DE120442A7D00FAD80A /* Magnet.framework */,
				FB400A8F203EFA3800F2D63C /* ScriptingBridge.framework */,
			);
			name = Frameworks;
			sourceTree = "<group>";
		};
		FB6B9D0D203EC2710062702B /* Interactors */ = {
			isa = PBXGroup;
			children = (
				FBCCA5FA203ED78B008AD1BF /* NotificationsInteractor.swift */,
				FBF18DE820442BB000FAD80A /* ShortcutsInterector.swift */,
				FBEF395220455FCC0039536B /* SpotifyInteractor.swift */,
			);
			path = Interactors;
			sourceTree = "<group>";
		};
		FB6B9D0E203EC28E0062702B /* Other */ = {
			isa = PBXGroup;
			children = (
				4C5764CD1C982DC900364AFE /* Info.plist */,
			);
			path = Other;
			sourceTree = "<group>";
		};
		FB6B9D0F203EC29D0062702B /* Resources */ = {
			isa = PBXGroup;
			children = (
				4C5764C81C982DC900364AFE /* Assets.xcassets */,
			);
			path = Resources;
			sourceTree = "<group>";
		};
		FBCCA5FC203ED78F008AD1BF /* Storage */ = {
			isa = PBXGroup;
			children = (
				FBCCA5FD203EE057008AD1BF /* Constants.swift */,
				FB6B9D0B203EC24F0062702B /* SystemPreferences.swift */,
				FB6B9D09203EC22D0062702B /* UserPreferences.swift */,
			);
			path = Storage;
			sourceTree = "<group>";
		};
		FBEF3959204565ED0039536B /* LauncherApplication */ = {
			isa = PBXGroup;
			children = (
				FBEF395A204565ED0039536B /* AppDelegate.swift */,
				FBEF395E204565EE0039536B /* Assets.xcassets */,
				FBEF3963204565EE0039536B /* Info.plist */,
				FBEF3964204565EE0039536B /* LauncherApplication.entitlements */,
			);
			path = LauncherApplication;
			sourceTree = "<group>";
		};
/* End PBXGroup section */

/* Begin PBXNativeTarget section */
		4C5764C21C982DC800364AFE /* SpotifyNotify */ = {
			isa = PBXNativeTarget;
			buildConfigurationList = 4C5764DB1C982DC900364AFE /* Build configuration list for PBXNativeTarget "SpotifyNotify" */;
			buildPhases = (
				4C5764BF1C982DC800364AFE /* Sources */,
				4C5764C01C982DC800364AFE /* Frameworks */,
				4C5764C11C982DC800364AFE /* Resources */,
				FBEF39692045665B0039536B /* CopyFiles */,
				FBF18DE720442A7D00FAD80A /* Embed Frameworks */,
			);
			buildRules = (
			);
			dependencies = (
			);
			name = SpotifyNotify;
			productName = NotifySpotify;
			productReference = 4C5764C31C982DC800364AFE /* Notify.app */;
			productType = "com.apple.product-type.application";
		};
		FBEF3957204565ED0039536B /* LauncherApplication */ = {
			isa = PBXNativeTarget;
			buildConfigurationList = FBEF3965204565EE0039536B /* Build configuration list for PBXNativeTarget "LauncherApplication" */;
			buildPhases = (
				FBEF3954204565ED0039536B /* Sources */,
				FBEF3955204565ED0039536B /* Frameworks */,
				FBEF3956204565ED0039536B /* Resources */,
			);
			buildRules = (
			);
			dependencies = (
			);
			name = LauncherApplication;
			productName = LauncherApplication;
			productReference = FBEF3958204565ED0039536B /* LauncherApplication.app */;
			productType = "com.apple.product-type.application";
		};
/* End PBXNativeTarget section */

/* Begin PBXProject section */
		4C5764BB1C982DC800364AFE /* Project object */ = {
			isa = PBXProject;
			attributes = {
				LastSwiftUpdateCheck = 0930;
				LastUpgradeCheck = 0930;
				ORGANIZATIONNAME = "Szymon Maślanka";
				TargetAttributes = {
					4C5764C21C982DC800364AFE = {
						CreatedOnToolsVersion = 7.3;
						LastSwiftMigration = 0930;
					};
				};
			};
			buildConfigurationList = 4C5764BE1C982DC800364AFE /* Build configuration list for PBXProject "SpotifyNotify" */;
			compatibilityVersion = "Xcode 3.2";
			developmentRegion = English;
			hasScannedForEncodings = 0;
			knownRegions = (
				en,
				Base,
			);
			mainGroup = 4C5764BA1C982DC800364AFE;
			productRefGroup = 4C5764C41C982DC800364AFE /* Products */;
			projectDirPath = "";
			projectRoot = "";
			targets = (
				4C5764C21C982DC800364AFE /* SpotifyNotify */,
				FBEF3957204565ED0039536B /* LauncherApplication */,
			);
		};
/* End PBXProject section */

/* Begin PBXResourcesBuildPhase section */
		4C5764C11C982DC800364AFE /* Resources */ = {
			isa = PBXResourcesBuildPhase;
			buildActionMask = 2147483647;
			files = (
				4C5764C91C982DC900364AFE /* Assets.xcassets in Resources */,
				4C5764CC1C982DC900364AFE /* MainMenu.xib in Resources */,
			);
			runOnlyForDeploymentPostprocessing = 0;
		};
		FBEF3956204565ED0039536B /* Resources */ = {
			isa = PBXResourcesBuildPhase;
			buildActionMask = 2147483647;
			files = (
				FBEF395F204565EE0039536B /* Assets.xcassets in Resources */,
			);
			runOnlyForDeploymentPostprocessing = 0;
		};
/* End PBXResourcesBuildPhase section */

/* Begin PBXSourcesBuildPhase section */
		4C5764BF1C982DC800364AFE /* Sources */ = {
			isa = PBXSourcesBuildPhase;
			buildActionMask = 2147483647;
			files = (
				FB6B9D0A203EC22D0062702B /* UserPreferences.swift in Sources */,
				FBCCA600203EE195008AD1BF /* Extensions.swift in Sources */,
				FB0A9A4E203EC9BA00721E3A /* PreferencesView.swift in Sources */,
				4C858885203F218800ED1692 /* Spotify.swift in Sources */,
				FB6B9D0C203EC24F0062702B /* SystemPreferences.swift in Sources */,
				FBCCA5FE203EE057008AD1BF /* Constants.swift in Sources */,
				4C5764C71C982DC800364AFE /* AppDelegate.swift in Sources */,
				FBCCA5FB203ED78B008AD1BF /* NotificationsInteractor.swift in Sources */,
				FBEF395320455FCC0039536B /* SpotifyInteractor.swift in Sources */,
				FBF18DE920442BB000FAD80A /* ShortcutsInterector.swift in Sources */,
				4C5764E31C982E1900364AFE /* Track.swift in Sources */,
			);
			runOnlyForDeploymentPostprocessing = 0;
		};
		FBEF3954204565ED0039536B /* Sources */ = {
			isa = PBXSourcesBuildPhase;
			buildActionMask = 2147483647;
			files = (
				FBEF395B204565ED0039536B /* AppDelegate.swift in Sources */,
			);
			runOnlyForDeploymentPostprocessing = 0;
		};
/* End PBXSourcesBuildPhase section */

/* Begin PBXVariantGroup section */
		4C5764CA1C982DC900364AFE /* MainMenu.xib */ = {
			isa = PBXVariantGroup;
			children = (
				4C5764CB1C982DC900364AFE /* Base */,
			);
			name = MainMenu.xib;
			path = .;
			sourceTree = "<group>";
		};
/* End PBXVariantGroup section */

/* Begin XCBuildConfiguration section */
		4C5764D91C982DC900364AFE /* Debug */ = {
			isa = XCBuildConfiguration;
			buildSettings = {
				ALWAYS_SEARCH_USER_PATHS = NO;
				CLANG_ANALYZER_NONNULL = YES;
				CLANG_CXX_LANGUAGE_STANDARD = "gnu++0x";
				CLANG_CXX_LIBRARY = "libc++";
				CLANG_ENABLE_MODULES = YES;
				CLANG_ENABLE_OBJC_ARC = YES;
				CLANG_WARN_BLOCK_CAPTURE_AUTORELEASING = YES;
				CLANG_WARN_BOOL_CONVERSION = YES;
				CLANG_WARN_COMMA = YES;
				CLANG_WARN_CONSTANT_CONVERSION = YES;
				CLANG_WARN_DEPRECATED_OBJC_IMPLEMENTATIONS = YES;
				CLANG_WARN_DIRECT_OBJC_ISA_USAGE = YES_ERROR;
				CLANG_WARN_EMPTY_BODY = YES;
				CLANG_WARN_ENUM_CONVERSION = YES;
				CLANG_WARN_INFINITE_RECURSION = YES;
				CLANG_WARN_INT_CONVERSION = YES;
				CLANG_WARN_NON_LITERAL_NULL_CONVERSION = YES;
				CLANG_WARN_OBJC_IMPLICIT_RETAIN_SELF = YES;
				CLANG_WARN_OBJC_LITERAL_CONVERSION = YES;
				CLANG_WARN_OBJC_ROOT_CLASS = YES_ERROR;
				CLANG_WARN_RANGE_LOOP_ANALYSIS = YES;
				CLANG_WARN_STRICT_PROTOTYPES = YES;
				CLANG_WARN_SUSPICIOUS_MOVE = YES;
				CLANG_WARN_UNREACHABLE_CODE = YES;
				CLANG_WARN__DUPLICATE_METHOD_MATCH = YES;
				CODE_SIGN_IDENTITY = "-";
				COPY_PHASE_STRIP = NO;
				DEBUG_INFORMATION_FORMAT = dwarf;
				ENABLE_STRICT_OBJC_MSGSEND = YES;
				ENABLE_TESTABILITY = YES;
				GCC_C_LANGUAGE_STANDARD = gnu99;
				GCC_DYNAMIC_NO_PIC = NO;
				GCC_NO_COMMON_BLOCKS = YES;
				GCC_OPTIMIZATION_LEVEL = 0;
				GCC_PREPROCESSOR_DEFINITIONS = (
					"DEBUG=1",
					"$(inherited)",
				);
				GCC_WARN_64_TO_32_BIT_CONVERSION = YES;
				GCC_WARN_ABOUT_RETURN_TYPE = YES_ERROR;
				GCC_WARN_UNDECLARED_SELECTOR = YES;
				GCC_WARN_UNINITIALIZED_AUTOS = YES_AGGRESSIVE;
				GCC_WARN_UNUSED_FUNCTION = YES;
				GCC_WARN_UNUSED_VARIABLE = YES;
				MACOSX_DEPLOYMENT_TARGET = 10.12;
				MTL_ENABLE_DEBUG_INFO = YES;
				ONLY_ACTIVE_ARCH = YES;
				SDKROOT = macosx;
				SWIFT_OPTIMIZATION_LEVEL = "-Onone";
				SWIFT_VERSION = 4.0;
			};
			name = Debug;
		};
		4C5764DA1C982DC900364AFE /* Release */ = {
			isa = XCBuildConfiguration;
			buildSettings = {
				ALWAYS_SEARCH_USER_PATHS = NO;
				CLANG_ANALYZER_NONNULL = YES;
				CLANG_CXX_LANGUAGE_STANDARD = "gnu++0x";
				CLANG_CXX_LIBRARY = "libc++";
				CLANG_ENABLE_MODULES = YES;
				CLANG_ENABLE_OBJC_ARC = YES;
				CLANG_WARN_BLOCK_CAPTURE_AUTORELEASING = YES;
				CLANG_WARN_BOOL_CONVERSION = YES;
				CLANG_WARN_COMMA = YES;
				CLANG_WARN_CONSTANT_CONVERSION = YES;
				CLANG_WARN_DEPRECATED_OBJC_IMPLEMENTATIONS = YES;
				CLANG_WARN_DIRECT_OBJC_ISA_USAGE = YES_ERROR;
				CLANG_WARN_EMPTY_BODY = YES;
				CLANG_WARN_ENUM_CONVERSION = YES;
				CLANG_WARN_INFINITE_RECURSION = YES;
				CLANG_WARN_INT_CONVERSION = YES;
				CLANG_WARN_NON_LITERAL_NULL_CONVERSION = YES;
				CLANG_WARN_OBJC_IMPLICIT_RETAIN_SELF = YES;
				CLANG_WARN_OBJC_LITERAL_CONVERSION = YES;
				CLANG_WARN_OBJC_ROOT_CLASS = YES_ERROR;
				CLANG_WARN_RANGE_LOOP_ANALYSIS = YES;
				CLANG_WARN_STRICT_PROTOTYPES = YES;
				CLANG_WARN_SUSPICIOUS_MOVE = YES;
				CLANG_WARN_UNREACHABLE_CODE = YES;
				CLANG_WARN__DUPLICATE_METHOD_MATCH = YES;
				CODE_SIGN_IDENTITY = "-";
				COPY_PHASE_STRIP = NO;
				DEBUG_INFORMATION_FORMAT = "dwarf-with-dsym";
				ENABLE_NS_ASSERTIONS = NO;
				ENABLE_STRICT_OBJC_MSGSEND = YES;
				GCC_C_LANGUAGE_STANDARD = gnu99;
				GCC_NO_COMMON_BLOCKS = YES;
				GCC_WARN_64_TO_32_BIT_CONVERSION = YES;
				GCC_WARN_ABOUT_RETURN_TYPE = YES_ERROR;
				GCC_WARN_UNDECLARED_SELECTOR = YES;
				GCC_WARN_UNINITIALIZED_AUTOS = YES_AGGRESSIVE;
				GCC_WARN_UNUSED_FUNCTION = YES;
				GCC_WARN_UNUSED_VARIABLE = YES;
				MACOSX_DEPLOYMENT_TARGET = 10.12;
				MTL_ENABLE_DEBUG_INFO = NO;
				SDKROOT = macosx;
				SWIFT_OPTIMIZATION_LEVEL = "-Owholemodule";
				SWIFT_VERSION = 4.0;
			};
			name = Release;
		};
		4C5764DC1C982DC900364AFE /* Debug */ = {
			isa = XCBuildConfiguration;
			buildSettings = {
				ASSETCATALOG_COMPILER_APPICON_NAME = AppIcon;
				CLANG_ENABLE_MODULES = YES;
				CODE_SIGN_ENTITLEMENTS = SpotifyNotify/Notify.entitlements;
				COMBINE_HIDPI_IMAGES = YES;
				FRAMEWORK_SEARCH_PATHS = (
					"$(inherited)",
					"$(PROJECT_DIR)/Carthage/Build/Mac",
				);
				INFOPLIST_FILE = SpotifyNotify/Other/Info.plist;
				LD_RUNPATH_SEARCH_PATHS = "$(inherited) @executable_path/../Frameworks";
				MACOSX_DEPLOYMENT_TARGET = 10.11;
				PRODUCT_BUNDLE_IDENTIFIER = io.nahive.SpotifyNotify;
				PRODUCT_NAME = Notify;
				SWIFT_OPTIMIZATION_LEVEL = "-Onone";
				SWIFT_SWIFT3_OBJC_INFERENCE = On;
				SWIFT_VERSION = 4.0;
			};
			name = Debug;
		};
		4C5764DD1C982DC900364AFE /* Release */ = {
			isa = XCBuildConfiguration;
			buildSettings = {
				ASSETCATALOG_COMPILER_APPICON_NAME = AppIcon;
				CLANG_ENABLE_MODULES = YES;
				CODE_SIGN_STYLE = Manual;
				COMBINE_HIDPI_IMAGES = YES;
				FRAMEWORK_SEARCH_PATHS = (
					"$(inherited)",
					"$(PROJECT_DIR)/Carthage/Build/Mac",
				);
				INFOPLIST_FILE = SpotifyNotify/Other/Info.plist;
				LD_RUNPATH_SEARCH_PATHS = "$(inherited) @executable_path/../Frameworks";
				MACOSX_DEPLOYMENT_TARGET = 10.11;
				PRODUCT_BUNDLE_IDENTIFIER = io.nahive.SpotifyNotify;
				PRODUCT_NAME = Notify;
				SWIFT_SWIFT3_OBJC_INFERENCE = On;
				SWIFT_VERSION = 4.0;
			};
			name = Release;
		};
		FBEF3966204565EE0039536B /* Debug */ = {
			isa = XCBuildConfiguration;
			buildSettings = {
				ASSETCATALOG_COMPILER_APPICON_NAME = AppIcon;
				CLANG_ANALYZER_NUMBER_OBJECT_CONVERSION = YES_AGGRESSIVE;
				CLANG_CXX_LANGUAGE_STANDARD = "gnu++14";
				CLANG_ENABLE_OBJC_WEAK = YES;
				CLANG_WARN_DOCUMENTATION_COMMENTS = YES;
				CLANG_WARN_UNGUARDED_AVAILABILITY = YES_AGGRESSIVE;
				CODE_SIGN_ENTITLEMENTS = LauncherApplication/LauncherApplication.entitlements;
				COMBINE_HIDPI_IMAGES = YES;
				GCC_C_LANGUAGE_STANDARD = gnu11;
				INFOPLIST_FILE = LauncherApplication/Info.plist;
				LD_RUNPATH_SEARCH_PATHS = "$(inherited) @executable_path/../Frameworks";
				MACOSX_DEPLOYMENT_TARGET = 10.13;
				PRODUCT_BUNDLE_IDENTIFIER = io.nahive.LauncherApplication;
				PRODUCT_NAME = "$(TARGET_NAME)";
				PROVISIONING_PROFILE_SPECIFIER = "";
				SKIP_INSTALL = YES;
				SWIFT_ACTIVE_COMPILATION_CONDITIONS = DEBUG;
				SWIFT_VERSION = 4.0;
			};
			name = Debug;
		};
		FBEF3967204565EE0039536B /* Release */ = {
			isa = XCBuildConfiguration;
			buildSettings = {
				ASSETCATALOG_COMPILER_APPICON_NAME = AppIcon;
				CLANG_ANALYZER_NUMBER_OBJECT_CONVERSION = YES_AGGRESSIVE;
				CLANG_CXX_LANGUAGE_STANDARD = "gnu++14";
				CLANG_ENABLE_OBJC_WEAK = YES;
				CLANG_WARN_DOCUMENTATION_COMMENTS = YES;
				CLANG_WARN_UNGUARDED_AVAILABILITY = YES_AGGRESSIVE;
				CODE_SIGN_ENTITLEMENTS = LauncherApplication/LauncherApplication.entitlements;
				COMBINE_HIDPI_IMAGES = YES;
				GCC_C_LANGUAGE_STANDARD = gnu11;
				INFOPLIST_FILE = LauncherApplication/Info.plist;
				LD_RUNPATH_SEARCH_PATHS = "$(inherited) @executable_path/../Frameworks";
				MACOSX_DEPLOYMENT_TARGET = 10.13;
				PRODUCT_BUNDLE_IDENTIFIER = io.nahive.LauncherApplication;
				PRODUCT_NAME = "$(TARGET_NAME)";
				PROVISIONING_PROFILE_SPECIFIER = "";
				SKIP_INSTALL = YES;
				SWIFT_VERSION = 4.0;
			};
			name = Release;
		};
/* End XCBuildConfiguration section */

/* Begin XCConfigurationList section */
		4C5764BE1C982DC800364AFE /* Build configuration list for PBXProject "SpotifyNotify" */ = {
			isa = XCConfigurationList;
			buildConfigurations = (
				4C5764D91C982DC900364AFE /* Debug */,
				4C5764DA1C982DC900364AFE /* Release */,
			);
			defaultConfigurationIsVisible = 0;
			defaultConfigurationName = Release;
		};
		4C5764DB1C982DC900364AFE /* Build configuration list for PBXNativeTarget "SpotifyNotify" */ = {
			isa = XCConfigurationList;
			buildConfigurations = (
				4C5764DC1C982DC900364AFE /* Debug */,
				4C5764DD1C982DC900364AFE /* Release */,
			);
			defaultConfigurationIsVisible = 0;
			defaultConfigurationName = Release;
		};
		FBEF3965204565EE0039536B /* Build configuration list for PBXNativeTarget "LauncherApplication" */ = {
			isa = XCConfigurationList;
			buildConfigurations = (
				FBEF3966204565EE0039536B /* Debug */,
				FBEF3967204565EE0039536B /* Release */,
			);
			defaultConfigurationIsVisible = 0;
			defaultConfigurationName = Release;
		};
/* End XCConfigurationList section */
	};
	rootObject = 4C5764BB1C982DC800364AFE /* Project object */;
}
