// !$*UTF8*$!
{
	archiveVersion = 1;
	classes = {
	};
	objectVersion = 46;
	objects = {

/* Begin PBXBuildFile section */
		4C5764C71C982DC800364AFE /* AppDelegate.swift in Sources */ = {isa = PBXBuildFile; fileRef = 4C5764C61C982DC800364AFE /* AppDelegate.swift */; };
		4C5764C91C982DC900364AFE /* Assets.xcassets in Resources */ = {isa = PBXBuildFile; fileRef = 4C5764C81C982DC900364AFE /* Assets.xcassets */; };
		4C5764CC1C982DC900364AFE /* MainMenu.xib in Resources */ = {isa = PBXBuildFile; fileRef = 4C5764CA1C982DC900364AFE /* MainMenu.xib */; };
		4C5764E31C982E1900364AFE /* Track.swift in Sources */ = {isa = PBXBuildFile; fileRef = 4C5764E21C982E1900364AFE /* Track.swift */; };
		4C5764E91C982EB900364AFE /* GBLaunchAtLogin.m in Sources */ = {isa = PBXBuildFile; fileRef = 4C5764E81C982EB900364AFE /* GBLaunchAtLogin.m */; };
		4C5764F11C983CB200364AFE /* status_bar_black.tiff in Resources */ = {isa = PBXBuildFile; fileRef = 4C5764ED1C983CB200364AFE /* status_bar_black.tiff */; };
		4C5764F21C983CB200364AFE /* status_bar_black@2x.tiff in Resources */ = {isa = PBXBuildFile; fileRef = 4C5764EE1C983CB200364AFE /* status_bar_black@2x.tiff */; };
		4C5764F31C983CB200364AFE /* status_bar_colour.tiff in Resources */ = {isa = PBXBuildFile; fileRef = 4C5764EF1C983CB200364AFE /* status_bar_colour.tiff */; };
		4C5764F41C983CB200364AFE /* status_bar_colour@2x.tiff in Resources */ = {isa = PBXBuildFile; fileRef = 4C5764F01C983CB200364AFE /* status_bar_colour@2x.tiff */; };
		FB6B9D0A203EC22D0062702B /* UserPreferences.swift in Sources */ = {isa = PBXBuildFile; fileRef = FB6B9D09203EC22D0062702B /* UserPreferences.swift */; };
		FB6B9D0C203EC24F0062702B /* SystemPreferences.swift in Sources */ = {isa = PBXBuildFile; fileRef = FB6B9D0B203EC24F0062702B /* SystemPreferences.swift */; };
/* End PBXBuildFile section */

/* Begin PBXFileReference section */
		4C5764C31C982DC800364AFE /* SpotifyNotify.app */ = {isa = PBXFileReference; explicitFileType = wrapper.application; includeInIndex = 0; path = SpotifyNotify.app; sourceTree = BUILT_PRODUCTS_DIR; };
		4C5764C61C982DC800364AFE /* AppDelegate.swift */ = {isa = PBXFileReference; lastKnownFileType = sourcecode.swift; path = AppDelegate.swift; sourceTree = "<group>"; };
		4C5764C81C982DC900364AFE /* Assets.xcassets */ = {isa = PBXFileReference; lastKnownFileType = folder.assetcatalog; path = Assets.xcassets; sourceTree = "<group>"; };
		4C5764CB1C982DC900364AFE /* Base */ = {isa = PBXFileReference; lastKnownFileType = file.xib; name = Base; path = Base.lproj/MainMenu.xib; sourceTree = "<group>"; };
		4C5764CD1C982DC900364AFE /* Info.plist */ = {isa = PBXFileReference; lastKnownFileType = text.plist.xml; path = Info.plist; sourceTree = "<group>"; };
		4C5764E21C982E1900364AFE /* Track.swift */ = {isa = PBXFileReference; fileEncoding = 4; lastKnownFileType = sourcecode.swift; path = Track.swift; sourceTree = "<group>"; };
		4C5764E61C982EB800364AFE /* NotifySpotify-Bridging-Header.h */ = {isa = PBXFileReference; lastKnownFileType = sourcecode.c.h; path = "NotifySpotify-Bridging-Header.h"; sourceTree = "<group>"; };
		4C5764E71C982EB900364AFE /* GBLaunchAtLogin.h */ = {isa = PBXFileReference; fileEncoding = 4; lastKnownFileType = sourcecode.c.h; path = GBLaunchAtLogin.h; sourceTree = "<group>"; };
		4C5764E81C982EB900364AFE /* GBLaunchAtLogin.m */ = {isa = PBXFileReference; fileEncoding = 4; lastKnownFileType = sourcecode.c.objc; path = GBLaunchAtLogin.m; sourceTree = "<group>"; };
		4C5764ED1C983CB200364AFE /* status_bar_black.tiff */ = {isa = PBXFileReference; lastKnownFileType = image.tiff; path = status_bar_black.tiff; sourceTree = "<group>"; };
		4C5764EE1C983CB200364AFE /* status_bar_black@2x.tiff */ = {isa = PBXFileReference; lastKnownFileType = image.tiff; path = "status_bar_black@2x.tiff"; sourceTree = "<group>"; };
		4C5764EF1C983CB200364AFE /* status_bar_colour.tiff */ = {isa = PBXFileReference; lastKnownFileType = image.tiff; path = status_bar_colour.tiff; sourceTree = "<group>"; };
		4C5764F01C983CB200364AFE /* status_bar_colour@2x.tiff */ = {isa = PBXFileReference; lastKnownFileType = image.tiff; path = "status_bar_colour@2x.tiff"; sourceTree = "<group>"; };
		FB6B9D09203EC22D0062702B /* UserPreferences.swift */ = {isa = PBXFileReference; lastKnownFileType = sourcecode.swift; path = UserPreferences.swift; sourceTree = "<group>"; };
		FB6B9D0B203EC24F0062702B /* SystemPreferences.swift */ = {isa = PBXFileReference; lastKnownFileType = sourcecode.swift; path = SystemPreferences.swift; sourceTree = "<group>"; };
/* End PBXFileReference section */

/* Begin PBXFrameworksBuildPhase section */
		4C5764C01C982DC800364AFE /* Frameworks */ = {
			isa = PBXFrameworksBuildPhase;
			buildActionMask = 2147483647;
			files = (
			);
			runOnlyForDeploymentPostprocessing = 0;
		};
/* End PBXFrameworksBuildPhase section */

/* Begin PBXGroup section */
		4C5764BA1C982DC800364AFE = {
			isa = PBXGroup;
			children = (
				4C5764C51C982DC800364AFE /* SpotifyNotify */,
				4C5764C41C982DC800364AFE /* Products */,
			);
			sourceTree = "<group>";
		};
		4C5764C41C982DC800364AFE /* Products */ = {
			isa = PBXGroup;
			children = (
				4C5764C31C982DC800364AFE /* SpotifyNotify.app */,
			);
			name = Products;
			sourceTree = "<group>";
		};
		4C5764C51C982DC800364AFE /* SpotifyNotify */ = {
			isa = PBXGroup;
			children = (
				4C5764C61C982DC800364AFE /* AppDelegate.swift */,
				4C5764E21C982E1900364AFE /* Track.swift */,
				4C5764CA1C982DC900364AFE /* MainMenu.xib */,
				FB6B9D0D203EC2710062702B /* Interactors */,
				FB6B9D0F203EC29D0062702B /* Resources */,
				4C5764E41C982E8900364AFE /* Helpers */,
				FB6B9D0E203EC28E0062702B /* Other */,
			);
			name = SpotifyNotify;
			path = NotifySpotify;
			sourceTree = "<group>";
		};
		4C5764E41C982E8900364AFE /* Helpers */ = {
			isa = PBXGroup;
			children = (
				4C5764EC1C983CA800364AFE /* Statusbar Images */,
				4C5764E51C982E9300364AFE /* GBLaunchAtLogin */,
			);
			name = Helpers;
			sourceTree = "<group>";
		};
		4C5764E51C982E9300364AFE /* GBLaunchAtLogin */ = {
			isa = PBXGroup;
			children = (
				4C5764E71C982EB900364AFE /* GBLaunchAtLogin.h */,
				4C5764E81C982EB900364AFE /* GBLaunchAtLogin.m */,
			);
			name = GBLaunchAtLogin;
			sourceTree = "<group>";
		};
		4C5764EC1C983CA800364AFE /* Statusbar Images */ = {
			isa = PBXGroup;
			children = (
				4C5764ED1C983CB200364AFE /* status_bar_black.tiff */,
				4C5764EE1C983CB200364AFE /* status_bar_black@2x.tiff */,
				4C5764EF1C983CB200364AFE /* status_bar_colour.tiff */,
				4C5764F01C983CB200364AFE /* status_bar_colour@2x.tiff */,
			);
			name = "Statusbar Images";
			sourceTree = "<group>";
		};
		FB6B9D0D203EC2710062702B /* Interactors */ = {
			isa = PBXGroup;
			children = (
				FB6B9D09203EC22D0062702B /* UserPreferences.swift */,
				FB6B9D0B203EC24F0062702B /* SystemPreferences.swift */,
			);
			name = Interactors;
			sourceTree = "<group>";
		};
		FB6B9D0E203EC28E0062702B /* Other */ = {
			isa = PBXGroup;
			children = (
				4C5764E61C982EB800364AFE /* NotifySpotify-Bridging-Header.h */,
				4C5764CD1C982DC900364AFE /* Info.plist */,
			);
			name = Other;
			sourceTree = "<group>";
		};
		FB6B9D0F203EC29D0062702B /* Resources */ = {
			isa = PBXGroup;
			children = (
				4C5764C81C982DC900364AFE /* Assets.xcassets */,
			);
			name = Resources;
			sourceTree = "<group>";
		};
/* End PBXGroup section */

/* Begin PBXNativeTarget section */
		4C5764C21C982DC800364AFE /* SpotifyNotify */ = {
			isa = PBXNativeTarget;
			buildConfigurationList = 4C5764DB1C982DC900364AFE /* Build configuration list for PBXNativeTarget "SpotifyNotify" */;
			buildPhases = (
				4C5764BF1C982DC800364AFE /* Sources */,
				4C5764C01C982DC800364AFE /* Frameworks */,
				4C5764C11C982DC800364AFE /* Resources */,
			);
			buildRules = (
			);
			dependencies = (
			);
			name = SpotifyNotify;
			productName = NotifySpotify;
			productReference = 4C5764C31C982DC800364AFE /* SpotifyNotify.app */;
			productType = "com.apple.product-type.application";
		};
/* End PBXNativeTarget section */

/* Begin PBXProject section */
		4C5764BB1C982DC800364AFE /* Project object */ = {
			isa = PBXProject;
			attributes = {
				LastSwiftUpdateCheck = 0730;
				LastUpgradeCheck = 0800;
				ORGANIZATIONNAME = "Szymon Maślanka";
				TargetAttributes = {
					4C5764C21C982DC800364AFE = {
						CreatedOnToolsVersion = 7.3;
						LastSwiftMigration = 0800;
					};
				};
			};
			buildConfigurationList = 4C5764BE1C982DC800364AFE /* Build configuration list for PBXProject "SpotifyNotify" */;
			compatibilityVersion = "Xcode 3.2";
			developmentRegion = English;
			hasScannedForEncodings = 0;
			knownRegions = (
				en,
				Base,
			);
			mainGroup = 4C5764BA1C982DC800364AFE;
			productRefGroup = 4C5764C41C982DC800364AFE /* Products */;
			projectDirPath = "";
			projectRoot = "";
			targets = (
				4C5764C21C982DC800364AFE /* SpotifyNotify */,
			);
		};
/* End PBXProject section */

/* Begin PBXResourcesBuildPhase section */
		4C5764C11C982DC800364AFE /* Resources */ = {
			isa = PBXResourcesBuildPhase;
			buildActionMask = 2147483647;
			files = (
				4C5764C91C982DC900364AFE /* Assets.xcassets in Resources */,
				4C5764F21C983CB200364AFE /* status_bar_black@2x.tiff in Resources */,
				4C5764F11C983CB200364AFE /* status_bar_black.tiff in Resources */,
				4C5764F41C983CB200364AFE /* status_bar_colour@2x.tiff in Resources */,
				4C5764F31C983CB200364AFE /* status_bar_colour.tiff in Resources */,
				4C5764CC1C982DC900364AFE /* MainMenu.xib in Resources */,
			);
			runOnlyForDeploymentPostprocessing = 0;
		};
/* End PBXResourcesBuildPhase section */

/* Begin PBXSourcesBuildPhase section */
		4C5764BF1C982DC800364AFE /* Sources */ = {
			isa = PBXSourcesBuildPhase;
			buildActionMask = 2147483647;
			files = (
				FB6B9D0A203EC22D0062702B /* UserPreferences.swift in Sources */,
				FB6B9D0C203EC24F0062702B /* SystemPreferences.swift in Sources */,
				4C5764E91C982EB900364AFE /* GBLaunchAtLogin.m in Sources */,
				4C5764C71C982DC800364AFE /* AppDelegate.swift in Sources */,
				4C5764E31C982E1900364AFE /* Track.swift in Sources */,
			);
			runOnlyForDeploymentPostprocessing = 0;
		};
/* End PBXSourcesBuildPhase section */

/* Begin PBXVariantGroup section */
		4C5764CA1C982DC900364AFE /* MainMenu.xib */ = {
			isa = PBXVariantGroup;
			children = (
				4C5764CB1C982DC900364AFE /* Base */,
			);
			name = MainMenu.xib;
			sourceTree = "<group>";
		};
/* End PBXVariantGroup section */

/* Begin XCBuildConfiguration section */
		4C5764D91C982DC900364AFE /* Debug */ = {
			isa = XCBuildConfiguration;
			buildSettings = {
				ALWAYS_SEARCH_USER_PATHS = NO;
				CLANG_ANALYZER_NONNULL = YES;
				CLANG_CXX_LANGUAGE_STANDARD = "gnu++0x";
				CLANG_CXX_LIBRARY = "libc++";
				CLANG_ENABLE_MODULES = YES;
				CLANG_ENABLE_OBJC_ARC = YES;
				CLANG_WARN_BOOL_CONVERSION = YES;
				CLANG_WARN_CONSTANT_CONVERSION = YES;
				CLANG_WARN_DIRECT_OBJC_ISA_USAGE = YES_ERROR;
				CLANG_WARN_EMPTY_BODY = YES;
				CLANG_WARN_ENUM_CONVERSION = YES;
				CLANG_WARN_INFINITE_RECURSION = YES;
				CLANG_WARN_INT_CONVERSION = YES;
				CLANG_WARN_OBJC_ROOT_CLASS = YES_ERROR;
				CLANG_WARN_SUSPICIOUS_MOVE = YES;
				CLANG_WARN_UNREACHABLE_CODE = YES;
				CLANG_WARN__DUPLICATE_METHOD_MATCH = YES;
				CODE_SIGN_IDENTITY = "-";
				COPY_PHASE_STRIP = NO;
				DEBUG_INFORMATION_FORMAT = dwarf;
				ENABLE_STRICT_OBJC_MSGSEND = YES;
				ENABLE_TESTABILITY = YES;
				GCC_C_LANGUAGE_STANDARD = gnu99;
				GCC_DYNAMIC_NO_PIC = NO;
				GCC_NO_COMMON_BLOCKS = YES;
				GCC_OPTIMIZATION_LEVEL = 0;
				GCC_PREPROCESSOR_DEFINITIONS = (
					"DEBUG=1",
					"$(inherited)",
				);
				GCC_WARN_64_TO_32_BIT_CONVERSION = YES;
				GCC_WARN_ABOUT_RETURN_TYPE = YES_ERROR;
				GCC_WARN_UNDECLARED_SELECTOR = YES;
				GCC_WARN_UNINITIALIZED_AUTOS = YES_AGGRESSIVE;
				GCC_WARN_UNUSED_FUNCTION = YES;
				GCC_WARN_UNUSED_VARIABLE = YES;
				MACOSX_DEPLOYMENT_TARGET = 10.11;
				MTL_ENABLE_DEBUG_INFO = YES;
				ONLY_ACTIVE_ARCH = YES;
				SDKROOT = macosx;
				SWIFT_OPTIMIZATION_LEVEL = "-Onone";
			};
			name = Debug;
		};
		4C5764DA1C982DC900364AFE /* Release */ = {
			isa = XCBuildConfiguration;
			buildSettings = {
				ALWAYS_SEARCH_USER_PATHS = NO;
				CLANG_ANALYZER_NONNULL = YES;
				CLANG_CXX_LANGUAGE_STANDARD = "gnu++0x";
				CLANG_CXX_LIBRARY = "libc++";
				CLANG_ENABLE_MODULES = YES;
				CLANG_ENABLE_OBJC_ARC = YES;
				CLANG_WARN_BOOL_CONVERSION = YES;
				CLANG_WARN_CONSTANT_CONVERSION = YES;
				CLANG_WARN_DIRECT_OBJC_ISA_USAGE = YES_ERROR;
				CLANG_WARN_EMPTY_BODY = YES;
				CLANG_WARN_ENUM_CONVERSION = YES;
				CLANG_WARN_INFINITE_RECURSION = YES;
				CLANG_WARN_INT_CONVERSION = YES;
				CLANG_WARN_OBJC_ROOT_CLASS = YES_ERROR;
				CLANG_WARN_SUSPICIOUS_MOVE = YES;
				CLANG_WARN_UNREACHABLE_CODE = YES;
				CLANG_WARN__DUPLICATE_METHOD_MATCH = YES;
				CODE_SIGN_IDENTITY = "-";
				COPY_PHASE_STRIP = NO;
				DEBUG_INFORMATION_FORMAT = "dwarf-with-dsym";
				ENABLE_NS_ASSERTIONS = NO;
				ENABLE_STRICT_OBJC_MSGSEND = YES;
				GCC_C_LANGUAGE_STANDARD = gnu99;
				GCC_NO_COMMON_BLOCKS = YES;
				GCC_WARN_64_TO_32_BIT_CONVERSION = YES;
				GCC_WARN_ABOUT_RETURN_TYPE = YES_ERROR;
				GCC_WARN_UNDECLARED_SELECTOR = YES;
				GCC_WARN_UNINITIALIZED_AUTOS = YES_AGGRESSIVE;
				GCC_WARN_UNUSED_FUNCTION = YES;
				GCC_WARN_UNUSED_VARIABLE = YES;
				MACOSX_DEPLOYMENT_TARGET = 10.11;
				MTL_ENABLE_DEBUG_INFO = NO;
				SDKROOT = macosx;
				SWIFT_OPTIMIZATION_LEVEL = "-Owholemodule";
			};
			name = Release;
		};
		4C5764DC1C982DC900364AFE /* Debug */ = {
			isa = XCBuildConfiguration;
			buildSettings = {
				ASSETCATALOG_COMPILER_APPICON_NAME = AppIcon;
				CLANG_ENABLE_MODULES = YES;
				COMBINE_HIDPI_IMAGES = YES;
				INFOPLIST_FILE = NotifySpotify/Info.plist;
				LD_RUNPATH_SEARCH_PATHS = "$(inherited) @executable_path/../Frameworks";
				PRODUCT_BUNDLE_IDENTIFIER = io.nahive.SpotifyNotify;
				PRODUCT_NAME = SpotifyNotify;
				SWIFT_OBJC_BRIDGING_HEADER = "NotifySpotify/NotifySpotify-Bridging-Header.h";
				SWIFT_OPTIMIZATION_LEVEL = "-Onone";
				SWIFT_VERSION = 3.0;
			};
			name = Debug;
		};
		4C5764DD1C982DC900364AFE /* Release */ = {
			isa = XCBuildConfiguration;
			buildSettings = {
				ASSETCATALOG_COMPILER_APPICON_NAME = AppIcon;
				CLANG_ENABLE_MODULES = YES;
				COMBINE_HIDPI_IMAGES = YES;
				INFOPLIST_FILE = NotifySpotify/Info.plist;
				LD_RUNPATH_SEARCH_PATHS = "$(inherited) @executable_path/../Frameworks";
				PRODUCT_BUNDLE_IDENTIFIER = io.nahive.SpotifyNotify;
				PRODUCT_NAME = SpotifyNotify;
				SWIFT_OBJC_BRIDGING_HEADER = "NotifySpotify/NotifySpotify-Bridging-Header.h";
				SWIFT_VERSION = 3.0;
			};
			name = Release;
		};
/* End XCBuildConfiguration section */

/* Begin XCConfigurationList section */
		4C5764BE1C982DC800364AFE /* Build configuration list for PBXProject "SpotifyNotify" */ = {
			isa = XCConfigurationList;
			buildConfigurations = (
				4C5764D91C982DC900364AFE /* Debug */,
				4C5764DA1C982DC900364AFE /* Release */,
			);
			defaultConfigurationIsVisible = 0;
			defaultConfigurationName = Release;
		};
		4C5764DB1C982DC900364AFE /* Build configuration list for PBXNativeTarget "SpotifyNotify" */ = {
			isa = XCConfigurationList;
			buildConfigurations = (
				4C5764DC1C982DC900364AFE /* Debug */,
				4C5764DD1C982DC900364AFE /* Release */,
			);
			defaultConfigurationIsVisible = 0;
			defaultConfigurationName = Release;
		};
/* End XCConfigurationList section */
	};
	rootObject = 4C5764BB1C982DC800364AFE /* Project object */;
}
